
Microsoft Visual Studio Solution File, Format Version 12.00
# Visual Studio Version 17
VisualStudioVersion = 17.12.35707.178 d17.12
MinimumVisualStudioVersion = 10.0.40219.1
Project("{FAE04EC0-301F-11D3-BF4B-00C04F79EFBC}") = "TaskDay23_3_2025.Server", "TaskDay23_3_2025.Server\TaskDay23_3_2025.Server.csproj", "{83CB151A-E4AD-4B6F-949B-392DCAFD9169}"
EndProject
Project("{54A90642-561A-4BB1-A94E-469ADEE60C69}") = "taskday23_3_2025.client", "taskday23_3_2025.client\taskday23_3_2025.client.esproj", "{C32E648C-EF9D-4DD4-BA65-39B2BB2240F0}"
EndProject
Global
	GlobalSection(SolutionConfigurationPlatforms) = preSolution
		Debug|Any CPU = Debug|Any CPU
		Release|Any CPU = Release|Any CPU
	EndGlobalSection
	GlobalSection(ProjectConfigurationPlatforms) = postSolution
		{83CB151A-E4AD-4B6F-949B-392DCAFD9169}.Debug|Any CPU.ActiveCfg = Debug|Any CPU
		{83CB151A-E4AD-4B6F-949B-392DCAFD9169}.Debug|Any CPU.Build.0 = Debug|Any CPU
		{83CB151A-E4AD-4B6F-949B-392DCAFD9169}.Release|Any CPU.ActiveCfg = Release|Any CPU
		{83CB151A-E4AD-4B6F-949B-392DCAFD9169}.Release|Any CPU.Build.0 = Release|Any CPU
		{C32E648C-EF9D-4DD4-BA65-39B2BB2240F0}.Debug|Any CPU.ActiveCfg = Debug|Any CPU
		{C32E648C-EF9D-4DD4-BA65-39B2BB2240F0}.Debug|Any CPU.Build.0 = Debug|Any CPU
		{C32E648C-EF9D-4DD4-BA65-39B2BB2240F0}.Debug|Any CPU.Deploy.0 = Debug|Any CPU
		{C32E648C-EF9D-4DD4-BA65-39B2BB2240F0}.Release|Any CPU.ActiveCfg = Release|Any CPU
		{C32E648C-EF9D-4DD4-BA65-39B2BB2240F0}.Release|Any CPU.Build.0 = Release|Any CPU
		{C32E648C-EF9D-4DD4-BA65-39B2BB2240F0}.Release|Any CPU.Deploy.0 = Release|Any CPU
	EndGlobalSection
	GlobalSection(SolutionProperties) = preSolution
		HideSolutionNode = FALSE
	EndGlobalSection
EndGlobal
